# This file was autogenerated by Stack.
# You should not edit this file by hand.
# For more information, please see the documentation at:
#   https://docs.haskellstack.org/en/stable/lock_files

packages:
- completed:
    hackage: MissingH-1.5.0.1@sha256:08d9b72a46f33edbbf21472ab1ed79cb532e9ebf6ee939a6bf023325712cf716,4609
    pantry-tree:
      size: 5272
      sha256: c726012981edec7564c6675f0a67de596b3ef30d7a8842b43be885295fb96aa2
  original:
    hackage: MissingH-1.5.0.1
snapshots:
- completed:
    size: 616897
    url: https://raw.githubusercontent.com/commercialhaskell/stackage-snapshots/master/lts/19/0.yaml
    sha256: bbf2be02f17940bac1f87cb462d4fb0c3355de6dcfc53d84f4f9ad3ee2164f65
  original:
    url: https://raw.githubusercontent.com/commercialhaskell/stackage-snapshots/master/lts/19/0.yaml
